version = 1
revision = 3
requires-python = ">=3.14"

[[package]]
name = "colorama"
version = "0.4.6"
source = { registry = "https://pypi.org/simple" }
sdist = { url = "https://files.pythonhosted.org/packages/d8/53/6f443c9a4a8358a93a6792e2acffb9d9d5cb0a5cfd8802644b7b1c9a02e4/colorama-0.4.6.tar.gz", hash = "sha256:08695f5cb7ed6e0531a20572697297273c47b8cae5a63ffc6d6ed5c201be6e44", size = 27697, upload-time = "2022-10-25T02:36:22.414Z" }
wheels = [
    { url = "https://files.pythonhosted.org/packages/d1/d6/3965ed04c63042e047cb6a3e6ed1a63a35087b6a609aa3a15ed8ac56c221/colorama-0.4.6-py2.py3-none-any.whl", hash = "sha256:4f1d9991f5acc0ca119f9d443620b77f9d6b33703e51011c16baf57afb285fc6", size = 25335, upload-time = "2022-10-25T02:36:20.889Z" },
]

[[package]]
name = "coverage"
version = "7.13.1"
source = { registry = "https://pypi.org/simple" }
sdist = { url = "https://files.pythonhosted.org/packages/23/f9/e92df5e07f3fc8d4c7f9a0f146ef75446bf870351cd37b788cf5897f8079/coverage-7.13.1.tar.gz", hash = "sha256:b7593fe7eb5feaa3fbb461ac79aac9f9fc0387a5ca8080b0c6fe2ca27b091afd", size = 825862, upload-time = "2025-12-28T15:42:56.969Z" }
wheels = [
    { url = "https://files.pythonhosted.org/packages/aa/8e/ba0e597560c6563fc0adb902fda6526df5d4aa73bb10adf0574d03bd2206/coverage-7.13.1-cp314-cp314-macosx_10_15_x86_64.whl", hash = "sha256:97ab3647280d458a1f9adb85244e81587505a43c0c7cff851f5116cd2814b894", size = 218996, upload-time = "2025-12-28T15:42:04.978Z" },
    { url = "https://files.pythonhosted.org/packages/6b/8e/764c6e116f4221dc7aa26c4061181ff92edb9c799adae6433d18eeba7a14/coverage-7.13.1-cp314-cp314-macosx_11_0_arm64.whl", hash = "sha256:8f572d989142e0908e6acf57ad1b9b86989ff057c006d13b76c146ec6a20216a", size = 219326, upload-time = "2025-12-28T15:42:06.691Z" },
    { url = "https://files.pythonhosted.org/packages/4f/a6/6130dc6d8da28cdcbb0f2bf8865aeca9b157622f7c0031e48c6cf9a0e591/coverage-7.13.1-cp314-cp314-manylinux1_i686.manylinux_2_28_i686.manylinux_2_5_i686.whl", hash = "sha256:d72140ccf8a147e94274024ff6fd8fb7811354cf7ef88b1f0a988ebaa5bc774f", size = 250374, upload-time = "2025-12-28T15:42:08.786Z" },
    { url = "https://files.pythonhosted.org/packages/82/2b/783ded568f7cd6b677762f780ad338bf4b4750205860c17c25f7c708995e/coverage-7.13.1-cp314-cp314-manylinux1_x86_64.manylinux_2_28_x86_64.manylinux_2_5_x86_64.whl", hash = "sha256:d3c9f051b028810f5a87c88e5d6e9af3c0ff32ef62763bf15d29f740453ca909", size = 252882, upload-time = "2025-12-28T15:42:10.515Z" },
    { url = "https://files.pythonhosted.org/packages/cd/b2/9808766d082e6a4d59eb0cc881a57fc1600eb2c5882813eefff8254f71b5/coverage-7.13.1-cp314-cp314-manylinux2014_aarch64.manylinux_2_17_aarch64.manylinux_2_28_aarch64.whl", hash = "sha256:f398ba4df52d30b1763f62eed9de5620dcde96e6f491f4c62686736b155aa6e4", size = 254218, upload-time = "2025-12-28T15:42:12.208Z" },
    { url = "https://files.pythonhosted.org/packages/44/ea/52a985bb447c871cb4d2e376e401116520991b597c85afdde1ea9ef54f2c/coverage-7.13.1-cp314-cp314-manylinux_2_31_riscv64.manylinux_2_39_riscv64.whl", hash = "sha256:132718176cc723026d201e347f800cd1a9e4b62ccd3f82476950834dad501c75", size = 250391, upload-time = "2025-12-28T15:42:14.21Z" },
    { url = "https://files.pythonhosted.org/packages/7f/1d/125b36cc12310718873cfc8209ecfbc1008f14f4f5fa0662aa608e579353/coverage-7.13.1-cp314-cp314-musllinux_1_2_aarch64.whl", hash = "sha256:9e549d642426e3579b3f4b92d0431543b012dcb6e825c91619d4e93b7363c3f9", size = 252239, upload-time = "2025-12-28T15:42:16.292Z" },
    { url = "https://files.pythonhosted.org/packages/6a/16/10c1c164950cade470107f9f14bbac8485f8fb8515f515fca53d337e4a7f/coverage-7.13.1-cp314-cp314-musllinux_1_2_i686.whl", hash = "sha256:90480b2134999301eea795b3a9dbf606c6fbab1b489150c501da84a959442465", size = 250196, upload-time = "2025-12-28T15:42:18.54Z" },
    { url = "https://files.pythonhosted.org/packages/2a/c6/cd860fac08780c6fd659732f6ced1b40b79c35977c1356344e44d72ba6c4/coverage-7.13.1-cp314-cp314-musllinux_1_2_riscv64.whl", hash = "sha256:e825dbb7f84dfa24663dd75835e7257f8882629fc11f03ecf77d84a75134b864", size = 250008, upload-time = "2025-12-28T15:42:20.365Z" },
    { url = "https://files.pythonhosted.org/packages/f0/3a/a8c58d3d38f82a5711e1e0a67268362af48e1a03df27c03072ac30feefcf/coverage-7.13.1-cp314-cp314-musllinux_1_2_x86_64.whl", hash = "sha256:623dcc6d7a7ba450bbdbeedbaa0c42b329bdae16491af2282f12a7e809be7eb9", size = 251671, upload-time = "2025-12-28T15:42:22.114Z" },
    { url = "https://files.pythonhosted.org/packages/f0/bc/fd4c1da651d037a1e3d53e8cb3f8182f4b53271ffa9a95a2e211bacc0349/coverage-7.13.1-cp314-cp314-win32.whl", hash = "sha256:6e73ebb44dca5f708dc871fe0b90cf4cff1a13f9956f747cc87b535a840386f5", size = 221777, upload-time = "2025-12-28T15:42:23.919Z" },
    { url = "https://files.pythonhosted.org/packages/4b/50/71acabdc8948464c17e90b5ffd92358579bd0910732c2a1c9537d7536aa6/coverage-7.13.1-cp314-cp314-win_amd64.whl", hash = "sha256:be753b225d159feb397bd0bf91ae86f689bad0da09d3b301478cd39b878ab31a", size = 222592, upload-time = "2025-12-28T15:42:25.619Z" },
    { url = "https://files.pythonhosted.org/packages/f7/c8/a6fb943081bb0cc926499c7907731a6dc9efc2cbdc76d738c0ab752f1a32/coverage-7.13.1-cp314-cp314-win_arm64.whl", hash = "sha256:228b90f613b25ba0019361e4ab81520b343b622fc657daf7e501c4ed6a2366c0", size = 221169, upload-time = "2025-12-28T15:42:27.629Z" },
    { url = "https://files.pythonhosted.org/packages/16/61/d5b7a0a0e0e40d62e59bc8c7aa1afbd86280d82728ba97f0673b746b78e2/coverage-7.13.1-cp314-cp314t-macosx_10_15_x86_64.whl", hash = "sha256:60cfb538fe9ef86e5b2ab0ca8fc8d62524777f6c611dcaf76dc16fbe9b8e698a", size = 219730, upload-time = "2025-12-28T15:42:29.306Z" },
    { url = "https://files.pythonhosted.org/packages/a3/2c/8881326445fd071bb49514d1ce97d18a46a980712b51fee84f9ab42845b4/coverage-7.13.1-cp314-cp314t-macosx_11_0_arm64.whl", hash = "sha256:57dfc8048c72ba48a8c45e188d811e5efd7e49b387effc8fb17e97936dde5bf6", size = 220001, upload-time = "2025-12-28T15:42:31.319Z" },
    { url = "https://files.pythonhosted.org/packages/b5/d7/50de63af51dfa3a7f91cc37ad8fcc1e244b734232fbc8b9ab0f3c834a5cd/coverage-7.13.1-cp314-cp314t-manylinux1_i686.manylinux_2_28_i686.manylinux_2_5_i686.whl", hash = "sha256:3f2f725aa3e909b3c5fdb8192490bdd8e1495e85906af74fe6e34a2a77ba0673", size = 261370, upload-time = "2025-12-28T15:42:32.992Z" },
    { url = "https://files.pythonhosted.org/packages/e1/2c/d31722f0ec918fd7453b2758312729f645978d212b410cd0f7c2aed88a94/coverage-7.13.1-cp314-cp314t-manylinux1_x86_64.manylinux_2_28_x86_64.manylinux_2_5_x86_64.whl", hash = "sha256:9ee68b21909686eeb21dfcba2c3b81fee70dcf38b140dcd5aa70680995fa3aa5", size = 263485, upload-time = "2025-12-28T15:42:34.759Z" },
    { url = "https://files.pythonhosted.org/packages/fa/7a/2c114fa5c5fc08ba0777e4aec4c97e0b4a1afcb69c75f1f54cff78b073ab/coverage-7.13.1-cp314-cp314t-manylinux2014_aarch64.manylinux_2_17_aarch64.manylinux_2_28_aarch64.whl", hash = "sha256:724b1b270cb13ea2e6503476e34541a0b1f62280bc997eab443f87790202033d", size = 265890, upload-time = "2025-12-28T15:42:36.517Z" },
    { url = "https://files.pythonhosted.org/packages/65/d9/f0794aa1c74ceabc780fe17f6c338456bbc4e96bd950f2e969f48ac6fb20/coverage-7.13.1-cp314-cp314t-manylinux_2_31_riscv64.manylinux_2_39_riscv64.whl", hash = "sha256:916abf1ac5cf7eb16bc540a5bf75c71c43a676f5c52fcb9fe75a2bd75fb944e8", size = 260445, upload-time = "2025-12-28T15:42:38.646Z" },
    { url = "https://files.pythonhosted.org/packages/49/23/184b22a00d9bb97488863ced9454068c79e413cb23f472da6cbddc6cfc52/coverage-7.13.1-cp314-cp314t-musllinux_1_2_aarch64.whl", hash = "sha256:776483fd35b58d8afe3acbd9988d5de592ab6da2d2a865edfdbc9fdb43e7c486", size = 263357, upload-time = "2025-12-28T15:42:40.788Z" },
    { url = "https://files.pythonhosted.org/packages/7d/bd/58af54c0c9199ea4190284f389005779d7daf7bf3ce40dcd2d2b2f96da69/coverage-7.13.1-cp314-cp314t-musllinux_1_2_i686.whl", hash = "sha256:b6f3b96617e9852703f5b633ea01315ca45c77e879584f283c44127f0f1ec564", size = 260959, upload-time = "2025-12-28T15:42:42.808Z" },
    { url = "https://files.pythonhosted.org/packages/4b/2a/6839294e8f78a4891bf1df79d69c536880ba2f970d0ff09e7513d6e352e9/coverage-7.13.1-cp314-cp314t-musllinux_1_2_riscv64.whl", hash = "sha256:bd63e7b74661fed317212fab774e2a648bc4bb09b35f25474f8e3325d2945cd7", size = 259792, upload-time = "2025-12-28T15:42:44.818Z" },
    { url = "https://files.pythonhosted.org/packages/ba/c3/528674d4623283310ad676c5af7414b9850ab6d55c2300e8aa4b945ec554/coverage-7.13.1-cp314-cp314t-musllinux_1_2_x86_64.whl", hash = "sha256:933082f161bbb3e9f90d00990dc956120f608cdbcaeea15c4d897f56ef4fe416", size = 262123, upload-time = "2025-12-28T15:42:47.108Z" },
    { url = "https://files.pythonhosted.org/packages/06/c5/8c0515692fb4c73ac379d8dc09b18eaf0214ecb76ea6e62467ba7a1556ff/coverage-7.13.1-cp314-cp314t-win32.whl", hash = "sha256:18be793c4c87de2965e1c0f060f03d9e5aff66cfeae8e1dbe6e5b88056ec153f", size = 222562, upload-time = "2025-12-28T15:42:49.144Z" },
    { url = "https://files.pythonhosted.org/packages/05/0e/c0a0c4678cb30dac735811db529b321d7e1c9120b79bd728d4f4d6b010e9/coverage-7.13.1-cp314-cp314t-win_amd64.whl", hash = "sha256:0e42e0ec0cd3e0d851cb3c91f770c9301f48647cb2877cb78f74bdaa07639a79", size = 223670, upload-time = "2025-12-28T15:42:51.218Z" },
    { url = "https://files.pythonhosted.org/packages/f5/5f/b177aa0011f354abf03a8f30a85032686d290fdeed4222b27d36b4372a50/coverage-7.13.1-cp314-cp314t-win_arm64.whl", hash = "sha256:eaecf47ef10c72ece9a2a92118257da87e460e113b83cc0d2905cbbe931792b4", size = 221707, upload-time = "2025-12-28T15:42:53.034Z" },
    { url = "https://files.pythonhosted.org/packages/cc/48/d9f421cb8da5afaa1a64570d9989e00fb7955e6acddc5a12979f7666ef60/coverage-7.13.1-py3-none-any.whl", hash = "sha256:2016745cb3ba554469d02819d78958b571792bb68e31302610e898f80dd3a573", size = 210722, upload-time = "2025-12-28T15:42:54.901Z" },
]

[[package]]
name = "fastcore"
version = "1.8.16"
source = { registry = "https://pypi.org/simple" }
dependencies = [
    { name = "packaging" },
]
sdist = { url = "https://files.pythonhosted.org/packages/08/46/c581a997957c30a71f18fddbe79b37968b6d68a9d91f0a0c86b3ecd0adcd/fastcore-1.8.16.tar.gz", hash = "sha256:0d8d5c11d88b36fbc4728a341ffcedcfc62220fbe5b14b442bccb512043d84c9", size = 83669, upload-time = "2025-11-07T23:24:41.944Z" }
wheels = [
    { url = "https://files.pythonhosted.org/packages/27/f4/30077733807ca57cc504a6faadcdd067714a7891dad66231b0c1ab373551/fastcore-1.8.16-py3-none-any.whl", hash = "sha256:ce49c2580cfcf416a7ee166f9d84f61a828beb6be1315635c6035ec3f626ed4b", size = 86810, upload-time = "2025-11-07T23:24:40.127Z" },
]

[[package]]
name = "gh-follower-changes"
version = "1.0.0"
source = { virtual = "." }
dependencies = [
    { name = "fastcore" },
    { name = "ghapi" },
    { name = "mdformat" },
]

[package.dev-dependencies]
dev = [
    { name = "pytest" },
    { name = "pytest-cov" },
    { name = "pytest-mock" },
]

[package.metadata]
requires-dist = [
    { name = "fastcore", specifier = "==1.8.16" },
    { name = "ghapi", specifier = ">=1.0.9" },
    { name = "mdformat", specifier = ">=1.0.0" },
]

[package.metadata.requires-dev]
dev = [
    { name = "pytest", specifier = ">=8.0.0" },
    { name = "pytest-cov", specifier = ">=4.1.0" },
    { name = "pytest-mock", specifier = ">=3.12.0" },
]

[[package]]
name = "ghapi"
version = "1.0.9"
source = { registry = "https://pypi.org/simple" }
dependencies = [
    { name = "fastcore" },
    { name = "packaging" },
]
sdist = { url = "https://files.pythonhosted.org/packages/5c/1a/6bff5174943e529949b0b5f2df5c86a29c16249c1715122179d3dadf4f2a/ghapi-1.0.9.tar.gz", hash = "sha256:1551300d38f439da39ea9dce2beb197e8485489bafaee2bbfbf1843bc6c59081", size = 73477, upload-time = "2026-01-15T22:43:16.994Z" }
wheels = [
    { url = "https://files.pythonhosted.org/packages/4b/1a/c80ae4e4e2bf24b1194ebd8319bcf7247615281da53ed606062c15a1c28e/ghapi-1.0.9-py3-none-any.whl", hash = "sha256:42593d773a16df5653419487bf12960ff780b3d27b8551fd6160b0c8fe31ed07", size = 70369, upload-time = "2026-01-15T22:43:15.46Z" },
]

[[package]]
name = "iniconfig"
version = "2.3.0"
source = { registry = "https://pypi.org/simple" }
sdist = { url = "https://files.pythonhosted.org/packages/72/34/14ca021ce8e5dfedc35312d08ba8bf51fdd999c576889fc2c24cb97f4f10/iniconfig-2.3.0.tar.gz", hash = "sha256:c76315c77db068650d49c5b56314774a7804df16fee4402c1f19d6d15d8c4730", size = 20503, upload-time = "2025-10-18T21:55:43.219Z" }
wheels = [
    { url = "https://files.pythonhosted.org/packages/cb/b1/3846dd7f199d53cb17f49cba7e651e9ce294d8497c8c150530ed11865bb8/iniconfig-2.3.0-py3-none-any.whl", hash = "sha256:f631c04d2c48c52b84d0d0549c99ff3859c98df65b3101406327ecc7d53fbf12", size = 7484, upload-time = "2025-10-18T21:55:41.639Z" },
]

[[package]]
name = "markdown-it-py"
version = "4.0.0"
source = { registry = "https://pypi.org/simple" }
dependencies = [
    { name = "mdurl" },
]
sdist = { url = "https://files.pythonhosted.org/packages/5b/f5/4ec618ed16cc4f8fb3b701563655a69816155e79e24a17b651541804721d/markdown_it_py-4.0.0.tar.gz", hash = "sha256:cb0a2b4aa34f932c007117b194e945bd74e0ec24133ceb5bac59009cda1cb9f3", size = 73070, upload-time = "2025-08-11T12:57:52.854Z" }
wheels = [
    { url = "https://files.pythonhosted.org/packages/94/54/e7d793b573f298e1c9013b8c4dade17d481164aa517d1d7148619c2cedbf/markdown_it_py-4.0.0-py3-none-any.whl", hash = "sha256:87327c59b172c5011896038353a81343b6754500a08cd7a4973bb48c6d578147", size = 87321, upload-time = "2025-08-11T12:57:51.923Z" },
]

[[package]]
name = "mdformat"
version = "1.0.0"
source = { registry = "https://pypi.org/simple" }
dependencies = [
    { name = "markdown-it-py" },
]
sdist = { url = "https://files.pythonhosted.org/packages/3f/05/32b5e14b192b0a8a309f32232c580aefedd9d06017cb8fe8fce34bec654c/mdformat-1.0.0.tar.gz", hash = "sha256:4954045fcae797c29f86d4ad879e43bb151fa55dbaf74ac6eaeacf1d45bb3928", size = 56953, upload-time = "2025-10-16T12:05:03.695Z" }
wheels = [
    { url = "https://files.pythonhosted.org/packages/54/9a/8fe71b95985ca7a4001effbcc58e5a07a1f2a2884203f74dcf48a3b08315/mdformat-1.0.0-py3-none-any.whl", hash = "sha256:bca015d65a1d063a02e885a91daee303057bc7829c2cd37b2075a50dbb65944b", size = 53288, upload-time = "2025-10-16T12:05:02.607Z" },
]

[[package]]
name = "mdurl"
version = "0.1.2"
source = { registry = "https://pypi.org/simple" }
sdist = { url = "https://files.pythonhosted.org/packages/d6/54/cfe61301667036ec958cb99bd3efefba235e65cdeb9c84d24a8293ba1d90/mdurl-0.1.2.tar.gz", hash = "sha256:bb413d29f5eea38f31dd4754dd7377d4465116fb207585f97bf925588687c1ba", size = 8729, upload-time = "2022-08-14T12:40:10.846Z" }
wheels = [
    { url = "https://files.pythonhosted.org/packages/b3/38/89ba8ad64ae25be8de66a6d463314cf1eb366222074cfda9ee839c56a4b4/mdurl-0.1.2-py3-none-any.whl", hash = "sha256:84008a41e51615a49fc9966191ff91509e3c40b939176e643fd50a5c2196b8f8", size = 9979, upload-time = "2022-08-14T12:40:09.779Z" },
]

[[package]]
name = "packaging"
version = "25.0"
source = { registry = "https://pypi.org/simple" }
sdist = { url = "https://files.pythonhosted.org/packages/a1/d4/1fc4078c65507b51b96ca8f8c3ba19e6a61c8253c72794544580a7b6c24d/packaging-25.0.tar.gz", hash = "sha256:d443872c98d677bf60f6a1f2f8c1cb748e8fe762d2bf9d3148b5599295b0fc4f", size = 165727, upload-time = "2025-04-19T11:48:59.673Z" }
wheels = [
    { url = "https://files.pythonhosted.org/packages/20/12/38679034af332785aac8774540895e234f4d07f7545804097de4b666afd8/packaging-25.0-py3-none-any.whl", hash = "sha256:29572ef2b1f17581046b3a2227d5c611fb25ec70ca1ba8554b24b0e69331a484", size = 66469, upload-time = "2025-04-19T11:48:57.875Z" },
]

[[package]]
name = "pluggy"
version = "1.6.0"
source = { registry = "https://pypi.org/simple" }
sdist = { url = "https://files.pythonhosted.org/packages/f9/e2/3e91f31a7d2b083fe6ef3fa267035b518369d9511ffab804f839851d2779/pluggy-1.6.0.tar.gz", hash = "sha256:7dcc130b76258d33b90f61b658791dede3486c3e6bfb003ee5c9bfb396dd22f3", size = 69412, upload-time = "2025-05-15T12:30:07.975Z" }
wheels = [
    { url = "https://files.pythonhosted.org/packages/54/20/4d324d65cc6d9205fabedc306948156824eb9f0ee1633355a8f7ec5c66bf/pluggy-1.6.0-py3-none-any.whl", hash = "sha256:e920276dd6813095e9377c0bc5566d94c932c33b27a3e3945d8389c374dd4746", size = 20538, upload-time = "2025-05-15T12:30:06.134Z" },
]

[[package]]
name = "pygments"
version = "2.19.2"
source = { registry = "https://pypi.org/simple" }
sdist = { url = "https://files.pythonhosted.org/packages/b0/77/a5b8c569bf593b0140bde72ea885a803b82086995367bf2037de0159d924/pygments-2.19.2.tar.gz", hash = "sha256:636cb2477cec7f8952536970bc533bc43743542f70392ae026374600add5b887", size = 4968631, upload-time = "2025-06-21T13:39:12.283Z" }
wheels = [
    { url = "https://files.pythonhosted.org/packages/c7/21/705964c7812476f378728bdf590ca4b771ec72385c533964653c68e86bdc/pygments-2.19.2-py3-none-any.whl", hash = "sha256:86540386c03d588bb81d44bc3928634ff26449851e99741617ecb9037ee5ec0b", size = 1225217, upload-time = "2025-06-21T13:39:07.939Z" },
]

[[package]]
name = "pytest"
version = "9.0.2"
source = { registry = "https://pypi.org/simple" }
dependencies = [
    { name = "colorama", marker = "sys_platform == 'win32'" },
    { name = "iniconfig" },
    { name = "packaging" },
    { name = "pluggy" },
    { name = "pygments" },
]
sdist = { url = "https://files.pythonhosted.org/packages/d1/db/7ef3487e0fb0049ddb5ce41d3a49c235bf9ad299b6a25d5780a89f19230f/pytest-9.0.2.tar.gz", hash = "sha256:75186651a92bd89611d1d9fc20f0b4345fd827c41ccd5c299a868a05d70edf11", size = 1568901, upload-time = "2025-12-06T21:30:51.014Z" }
wheels = [
    { url = "https://files.pythonhosted.org/packages/3b/ab/b3226f0bd7cdcf710fbede2b3548584366da3b19b5021e74f5bde2a8fa3f/pytest-9.0.2-py3-none-any.whl", hash = "sha256:711ffd45bf766d5264d487b917733b453d917afd2b0ad65223959f59089f875b", size = 374801, upload-time = "2025-12-06T21:30:49.154Z" },
]

[[package]]
name = "pytest-cov"
version = "7.0.0"
source = { registry = "https://pypi.org/simple" }
dependencies = [
    { name = "coverage" },
    { name = "pluggy" },
    { name = "pytest" },
]
sdist = { url = "https://files.pythonhosted.org/packages/5e/f7/c933acc76f5208b3b00089573cf6a2bc26dc80a8aece8f52bb7d6b1855ca/pytest_cov-7.0.0.tar.gz", hash = "sha256:33c97eda2e049a0c5298e91f519302a1334c26ac65c1a483d6206fd458361af1", size = 54328, upload-time = "2025-09-09T10:57:02.113Z" }
wheels = [
    { url = "https://files.pythonhosted.org/packages/ee/49/1377b49de7d0c1ce41292161ea0f721913fa8722c19fb9c1e3aa0367eecb/pytest_cov-7.0.0-py3-none-any.whl", hash = "sha256:3b8e9558b16cc1479da72058bdecf8073661c7f57f7d3c5f22a1c23507f2d861", size = 22424, upload-time = "2025-09-09T10:57:00.695Z" },
]

[[package]]
name = "pytest-mock"
version = "3.15.1"
source = { registry = "https://pypi.org/simple" }
dependencies = [
    { name = "pytest" },
]
sdist = { url = "https://files.pythonhosted.org/packages/68/14/eb014d26be205d38ad5ad20d9a80f7d201472e08167f0bb4361e251084a9/pytest_mock-3.15.1.tar.gz", hash = "sha256:1849a238f6f396da19762269de72cb1814ab44416fa73a8686deac10b0d87a0f", size = 34036, upload-time = "2025-09-16T16:37:27.081Z" }
wheels = [
    { url = "https://files.pythonhosted.org/packages/5a/cc/06253936f4a7fa2e0f48dfe6d851d9c56df896a9ab09ac019d70b760619c/pytest_mock-3.15.1-py3-none-any.whl", hash = "sha256:0a25e2eb88fe5168d535041d09a4529a188176ae608a6d249ee65abc0949630d", size = 10095, upload-time = "2025-09-16T16:37:25.734Z" },
]
