version = 1
revision = 3
requires-python = ">=3.14"

[[package]]
name = "fastcore"
version = "1.8.16"
source = { registry = "https://pypi.org/simple" }
dependencies = [
    { name = "packaging" },
]
sdist = { url = "https://files.pythonhosted.org/packages/08/46/c581a997957c30a71f18fddbe79b37968b6d68a9d91f0a0c86b3ecd0adcd/fastcore-1.8.16.tar.gz", hash = "sha256:0d8d5c11d88b36fbc4728a341ffcedcfc62220fbe5b14b442bccb512043d84c9", size = 83669, upload-time = "2025-11-07T23:24:41.944Z" }
wheels = [
    { url = "https://files.pythonhosted.org/packages/27/f4/30077733807ca57cc504a6faadcdd067714a7891dad66231b0c1ab373551/fastcore-1.8.16-py3-none-any.whl", hash = "sha256:ce49c2580cfcf416a7ee166f9d84f61a828beb6be1315635c6035ec3f626ed4b", size = 86810, upload-time = "2025-11-07T23:24:40.127Z" },
]

[[package]]
name = "gh-follower-changes"
version = "1.0.0"
source = { virtual = "." }
dependencies = [
    { name = "fastcore" },
    { name = "ghapi" },
]

[package.metadata]
requires-dist = [
    { name = "fastcore", specifier = "==1.8.16" },
    { name = "ghapi", specifier = ">=1.0.9" },
]

[[package]]
name = "ghapi"
version = "1.0.9"
source = { registry = "https://pypi.org/simple" }
dependencies = [
    { name = "fastcore" },
    { name = "packaging" },
]
sdist = { url = "https://files.pythonhosted.org/packages/5c/1a/6bff5174943e529949b0b5f2df5c86a29c16249c1715122179d3dadf4f2a/ghapi-1.0.9.tar.gz", hash = "sha256:1551300d38f439da39ea9dce2beb197e8485489bafaee2bbfbf1843bc6c59081", size = 73477, upload-time = "2026-01-15T22:43:16.994Z" }
wheels = [
    { url = "https://files.pythonhosted.org/packages/4b/1a/c80ae4e4e2bf24b1194ebd8319bcf7247615281da53ed606062c15a1c28e/ghapi-1.0.9-py3-none-any.whl", hash = "sha256:42593d773a16df5653419487bf12960ff780b3d27b8551fd6160b0c8fe31ed07", size = 70369, upload-time = "2026-01-15T22:43:15.46Z" },
]

[[package]]
name = "packaging"
version = "25.0"
source = { registry = "https://pypi.org/simple" }
sdist = { url = "https://files.pythonhosted.org/packages/a1/d4/1fc4078c65507b51b96ca8f8c3ba19e6a61c8253c72794544580a7b6c24d/packaging-25.0.tar.gz", hash = "sha256:d443872c98d677bf60f6a1f2f8c1cb748e8fe762d2bf9d3148b5599295b0fc4f", size = 165727, upload-time = "2025-04-19T11:48:59.673Z" }
wheels = [
    { url = "https://files.pythonhosted.org/packages/20/12/38679034af332785aac8774540895e234f4d07f7545804097de4b666afd8/packaging-25.0-py3-none-any.whl", hash = "sha256:29572ef2b1f17581046b3a2227d5c611fb25ec70ca1ba8554b24b0e69331a484", size = 66469, upload-time = "2025-04-19T11:48:57.875Z" },
]
